// !$*UTF8*$!
{
	archiveVersion = 1;
	classes = {
	};
	objectVersion = 56;
	objects = {

/* Begin PBXBuildFile section */
		6CD4229C2A46F3D6001A1F68 /* Counter_AppApp.swift in Sources */ = {isa = PBXBuildFile; fileRef = 6CD4229B2A46F3D6001A1F68 /* Counter_AppApp.swift */; };
		6CD4229E2A46F3D6001A1F68 /* ContentView.swift in Sources */ = {isa = PBXBuildFile; fileRef = 6CD4229D2A46F3D6001A1F68 /* ContentView.swift */; };
		6CD422A02A46F3D7001A1F68 /* Assets.xcassets in Resources */ = {isa = PBXBuildFile; fileRef = 6CD4229F2A46F3D7001A1F68 /* Assets.xcassets */; };
		6CD422A32A46F3D7001A1F68 /* Preview Assets.xcassets in Resources */ = {isa = PBXBuildFile; fileRef = 6CD422A22A46F3D7001A1F68 /* Preview Assets.xcassets */; };
		6CD422AE2A46F3D8001A1F68 /* Counter_AppTests.swift in Sources */ = {isa = PBXBuildFile; fileRef = 6CD422AD2A46F3D8001A1F68 /* Counter_AppTests.swift */; };
		6CD422B82A46F3D8001A1F68 /* Counter_AppUITests.swift in Sources */ = {isa = PBXBuildFile; fileRef = 6CD422B72A46F3D8001A1F68 /* Counter_AppUITests.swift */; };
		6CD422BA2A46F3D8001A1F68 /* Counter_AppUITestsLaunchTests.swift in Sources */ = {isa = PBXBuildFile; fileRef = 6CD422B92A46F3D8001A1F68 /* Counter_AppUITestsLaunchTests.swift */; };
/* End PBXBuildFile section */

/* Begin PBXContainerItemProxy section */
		6CD422AA2A46F3D8001A1F68 /* PBXContainerItemProxy */ = {
			isa = PBXContainerItemProxy;
			containerPortal = 6CD422902A46F3D6001A1F68 /* Project object */;
			proxyType = 1;
			remoteGlobalIDString = 6CD422972A46F3D6001A1F68;
			remoteInfo = "Counter App";
		};
		6CD422B42A46F3D8001A1F68 /* PBXContainerItemProxy */ = {
			isa = PBXContainerItemProxy;
			containerPortal = 6CD422902A46F3D6001A1F68 /* Project object */;
			proxyType = 1;
			remoteGlobalIDString = 6CD422972A46F3D6001A1F68;
			remoteInfo = "Counter App";
		};
/* End PBXContainerItemProxy section */

/* Begin PBXFileReference section */
		6CD422982A46F3D6001A1F68 /* Counter App.app */ = {isa = PBXFileReference; explicitFileType = wrapper.application; includeInIndex = 0; path = "Counter App.app"; sourceTree = BUILT_PRODUCTS_DIR; };
		6CD4229B2A46F3D6001A1F68 /* Counter_AppApp.swift */ = {isa = PBXFileReference; lastKnownFileType = sourcecode.swift; path = Counter_AppApp.swift; sourceTree = "<group>"; };
		6CD4229D2A46F3D6001A1F68 /* ContentView.swift */ = {isa = PBXFileReference; lastKnownFileType = sourcecode.swift; path = ContentView.swift; sourceTree = "<group>"; };
		6CD4229F2A46F3D7001A1F68 /* Assets.xcassets */ = {isa = PBXFileReference; lastKnownFileType = folder.assetcatalog; path = Assets.xcassets; sourceTree = "<group>"; };
		6CD422A22A46F3D7001A1F68 /* Preview Assets.xcassets */ = {isa = PBXFileReference; lastKnownFileType = folder.assetcatalog; path = "Preview Assets.xcassets"; sourceTree = "<group>"; };
		6CD422A42A46F3D7001A1F68 /* Counter_App.entitlements */ = {isa = PBXFileReference; lastKnownFileType = text.plist.entitlements; path = Counter_App.entitlements; sourceTree = "<group>"; };
		6CD422A92A46F3D8001A1F68 /* Counter AppTests.xctest */ = {isa = PBXFileReference; explicitFileType = wrapper.cfbundle; includeInIndex = 0; path = "Counter AppTests.xctest"; sourceTree = BUILT_PRODUCTS_DIR; };
		6CD422AD2A46F3D8001A1F68 /* Counter_AppTests.swift */ = {isa = PBXFileReference; lastKnownFileType = sourcecode.swift; path = Counter_AppTests.swift; sourceTree = "<group>"; };
		6CD422B32A46F3D8001A1F68 /* Counter AppUITests.xctest */ = {isa = PBXFileReference; explicitFileType = wrapper.cfbundle; includeInIndex = 0; path = "Counter AppUITests.xctest"; sourceTree = BUILT_PRODUCTS_DIR; };
		6CD422B72A46F3D8001A1F68 /* Counter_AppUITests.swift */ = {isa = PBXFileReference; lastKnownFileType = sourcecode.swift; path = Counter_AppUITests.swift; sourceTree = "<group>"; };
		6CD422B92A46F3D8001A1F68 /* Counter_AppUITestsLaunchTests.swift */ = {isa = PBXFileReference; lastKnownFileType = sourcecode.swift; path = Counter_AppUITestsLaunchTests.swift; sourceTree = "<group>"; };
/* End PBXFileReference section */

/* Begin PBXFrameworksBuildPhase section */
		6CD422952A46F3D6001A1F68 /* Frameworks */ = {
			isa = PBXFrameworksBuildPhase;
			buildActionMask = 2147483647;
			files = (
			);
			runOnlyForDeploymentPostprocessing = 0;
		};
		6CD422A62A46F3D8001A1F68 /* Frameworks */ = {
			isa = PBXFrameworksBuildPhase;
			buildActionMask = 2147483647;
			files = (
			);
			runOnlyForDeploymentPostprocessing = 0;
		};
		6CD422B02A46F3D8001A1F68 /* Frameworks */ = {
			isa = PBXFrameworksBuildPhase;
			buildActionMask = 2147483647;
			files = (
			);
			runOnlyForDeploymentPostprocessing = 0;
		};
/* End PBXFrameworksBuildPhase section */

/* Begin PBXGroup section */
		6CD4228F2A46F3D6001A1F68 = {
			isa = PBXGroup;
			children = (
				6CD4229A2A46F3D6001A1F68 /* Counter App */,
				6CD422AC2A46F3D8001A1F68 /* Counter AppTests */,
				6CD422B62A46F3D8001A1F68 /* Counter AppUITests */,
				6CD422992A46F3D6001A1F68 /* Products */,
			);
			sourceTree = "<group>";
		};
		6CD422992A46F3D6001A1F68 /* Products */ = {
			isa = PBXGroup;
			children = (
				6CD422982A46F3D6001A1F68 /* Counter App.app */,
				6CD422A92A46F3D8001A1F68 /* Counter AppTests.xctest */,
				6CD422B32A46F3D8001A1F68 /* Counter AppUITests.xctest */,
			);
			name = Products;
			sourceTree = "<group>";
		};
		6CD4229A2A46F3D6001A1F68 /* Counter App */ = {
			isa = PBXGroup;
			children = (
				6CD4229B2A46F3D6001A1F68 /* Counter_AppApp.swift */,
				6CD4229D2A46F3D6001A1F68 /* ContentView.swift */,
				6CD4229F2A46F3D7001A1F68 /* Assets.xcassets */,
				6CD422A42A46F3D7001A1F68 /* Counter_App.entitlements */,
				6CD422A12A46F3D7001A1F68 /* Preview Content */,
			);
			path = "Counter App";
			sourceTree = "<group>";
		};
		6CD422A12A46F3D7001A1F68 /* Preview Content */ = {
			isa = PBXGroup;
			children = (
				6CD422A22A46F3D7001A1F68 /* Preview Assets.xcassets */,
			);
			path = "Preview Content";
			sourceTree = "<group>";
		};
		6CD422AC2A46F3D8001A1F68 /* Counter AppTests */ = {
			isa = PBXGroup;
			children = (
				6CD422AD2A46F3D8001A1F68 /* Counter_AppTests.swift */,
			);
			path = "Counter AppTests";
			sourceTree = "<group>";
		};
		6CD422B62A46F3D8001A1F68 /* Counter AppUITests */ = {
			isa = PBXGroup;
			children = (
				6CD422B72A46F3D8001A1F68 /* Counter_AppUITests.swift */,
				6CD422B92A46F3D8001A1F68 /* Counter_AppUITestsLaunchTests.swift */,
			);
			path = "Counter AppUITests";
			sourceTree = "<group>";
		};
/* End PBXGroup section */

/* Begin PBXNativeTarget section */
		6CD422972A46F3D6001A1F68 /* Counter App */ = {
			isa = PBXNativeTarget;
			buildConfigurationList = 6CD422BD2A46F3D8001A1F68 /* Build configuration list for PBXNativeTarget "Counter App" */;
			buildPhases = (
				6CD422942A46F3D6001A1F68 /* Sources */,
				6CD422952A46F3D6001A1F68 /* Frameworks */,
				6CD422962A46F3D6001A1F68 /* Resources */,
			);
			buildRules = (
			);
			dependencies = (
			);
			name = "Counter App";
			productName = "Counter App";
			productReference = 6CD422982A46F3D6001A1F68 /* Counter App.app */;
			productType = "com.apple.product-type.application";
		};
		6CD422A82A46F3D8001A1F68 /* Counter AppTests */ = {
			isa = PBXNativeTarget;
			buildConfigurationList = 6CD422C02A46F3D8001A1F68 /* Build configuration list for PBXNativeTarget "Counter AppTests" */;
			buildPhases = (
				6CD422A52A46F3D8001A1F68 /* Sources */,
				6CD422A62A46F3D8001A1F68 /* Frameworks */,
				6CD422A72A46F3D8001A1F68 /* Resources */,
			);
			buildRules = (
			);
			dependencies = (
				6CD422AB2A46F3D8001A1F68 /* PBXTargetDependency */,
			);
			name = "Counter AppTests";
			productName = "Counter AppTests";
			productReference = 6CD422A92A46F3D8001A1F68 /* Counter AppTests.xctest */;
			productType = "com.apple.product-type.bundle.unit-test";
		};
		6CD422B22A46F3D8001A1F68 /* Counter AppUITests */ = {
			isa = PBXNativeTarget;
			buildConfigurationList = 6CD422C32A46F3D8001A1F68 /* Build configuration list for PBXNativeTarget "Counter AppUITests" */;
			buildPhases = (
				6CD422AF2A46F3D8001A1F68 /* Sources */,
				6CD422B02A46F3D8001A1F68 /* Frameworks */,
				6CD422B12A46F3D8001A1F68 /* Resources */,
			);
			buildRules = (
			);
			dependencies = (
				6CD422B52A46F3D8001A1F68 /* PBXTargetDependency */,
			);
			name = "Counter AppUITests";
			productName = "Counter AppUITests";
			productReference = 6CD422B32A46F3D8001A1F68 /* Counter AppUITests.xctest */;
			productType = "com.apple.product-type.bundle.ui-testing";
		};
/* End PBXNativeTarget section */

/* Begin PBXProject section */
		6CD422902A46F3D6001A1F68 /* Project object */ = {
			isa = PBXProject;
			attributes = {
				BuildIndependentTargetsInParallel = 1;
				LastSwiftUpdateCheck = 1430;
				LastUpgradeCheck = 1430;
				TargetAttributes = {
					6CD422972A46F3D6001A1F68 = {
						CreatedOnToolsVersion = 14.3.1;
					};
					6CD422A82A46F3D8001A1F68 = {
						CreatedOnToolsVersion = 14.3.1;
						TestTargetID = 6CD422972A46F3D6001A1F68;
					};
					6CD422B22A46F3D8001A1F68 = {
						CreatedOnToolsVersion = 14.3.1;
						TestTargetID = 6CD422972A46F3D6001A1F68;
					};
				};
			};
			buildConfigurationList = 6CD422932A46F3D6001A1F68 /* Build configuration list for PBXProject "Counter App" */;
			compatibilityVersion = "Xcode 14.0";
			developmentRegion = en;
			hasScannedForEncodings = 0;
			knownRegions = (
				en,
				Base,
			);
			mainGroup = 6CD4228F2A46F3D6001A1F68;
			productRefGroup = 6CD422992A46F3D6001A1F68 /* Products */;
			projectDirPath = "";
			projectRoot = "";
			targets = (
				6CD422972A46F3D6001A1F68 /* Counter App */,
				6CD422A82A46F3D8001A1F68 /* Counter AppTests */,
				6CD422B22A46F3D8001A1F68 /* Counter AppUITests */,
			);
		};
/* End PBXProject section */

/* Begin PBXResourcesBuildPhase section */
		6CD422962A46F3D6001A1F68 /* Resources */ = {
			isa = PBXResourcesBuildPhase;
			buildActionMask = 2147483647;
			files = (
				6CD422A32A46F3D7001A1F68 /* Preview Assets.xcassets in Resources */,
				6CD422A02A46F3D7001A1F68 /* Assets.xcassets in Resources */,
			);
			runOnlyForDeploymentPostprocessing = 0;
		};
		6CD422A72A46F3D8001A1F68 /* Resources */ = {
			isa = PBXResourcesBuildPhase;
			buildActionMask = 2147483647;
			files = (
			);
			runOnlyForDeploymentPostprocessing = 0;
		};
		6CD422B12A46F3D8001A1F68 /* Resources */ = {
			isa = PBXResourcesBuildPhase;
			buildActionMask = 2147483647;
			files = (
			);
			runOnlyForDeploymentPostprocessing = 0;
		};
/* End PBXResourcesBuildPhase section */

/* Begin PBXSourcesBuildPhase section */
		6CD422942A46F3D6001A1F68 /* Sources */ = {
			isa = PBXSourcesBuildPhase;
			buildActionMask = 2147483647;
			files = (
				6CD4229E2A46F3D6001A1F68 /* ContentView.swift in Sources */,
				6CD4229C2A46F3D6001A1F68 /* Counter_AppApp.swift in Sources */,
			);
			runOnlyForDeploymentPostprocessing = 0;
		};
		6CD422A52A46F3D8001A1F68 /* Sources */ = {
			isa = PBXSourcesBuildPhase;
			buildActionMask = 2147483647;
			files = (
				6CD422AE2A46F3D8001A1F68 /* Counter_AppTests.swift in Sources */,
			);
			runOnlyForDeploymentPostprocessing = 0;
		};
		6CD422AF2A46F3D8001A1F68 /* Sources */ = {
			isa = PBXSourcesBuildPhase;
			buildActionMask = 2147483647;
			files = (
				6CD422B82A46F3D8001A1F68 /* Counter_AppUITests.swift in Sources */,
				6CD422BA2A46F3D8001A1F68 /* Counter_AppUITestsLaunchTests.swift in Sources */,
			);
			runOnlyForDeploymentPostprocessing = 0;
		};
/* End PBXSourcesBuildPhase section */

/* Begin PBXTargetDependency section */
		6CD422AB2A46F3D8001A1F68 /* PBXTargetDependency */ = {
			isa = PBXTargetDependency;
			target = 6CD422972A46F3D6001A1F68 /* Counter App */;
			targetProxy = 6CD422AA2A46F3D8001A1F68 /* PBXContainerItemProxy */;
		};
		6CD422B52A46F3D8001A1F68 /* PBXTargetDependency */ = {
			isa = PBXTargetDependency;
			target = 6CD422972A46F3D6001A1F68 /* Counter App */;
			targetProxy = 6CD422B42A46F3D8001A1F68 /* PBXContainerItemProxy */;
		};
/* End PBXTargetDependency section */

/* Begin XCBuildConfiguration section */
		6CD422BB2A46F3D8001A1F68 /* Debug */ = {
			isa = XCBuildConfiguration;
			buildSettings = {
				ALWAYS_SEARCH_USER_PATHS = NO;
				CLANG_ANALYZER_NONNULL = YES;
				CLANG_ANALYZER_NUMBER_OBJECT_CONVERSION = YES_AGGRESSIVE;
				CLANG_CXX_LANGUAGE_STANDARD = "gnu++20";
				CLANG_ENABLE_MODULES = YES;
				CLANG_ENABLE_OBJC_ARC = YES;
				CLANG_ENABLE_OBJC_WEAK = YES;
				CLANG_WARN_BLOCK_CAPTURE_AUTORELEASING = YES;
				CLANG_WARN_BOOL_CONVERSION = YES;
				CLANG_WARN_COMMA = YES;
				CLANG_WARN_CONSTANT_CONVERSION = YES;
				CLANG_WARN_DEPRECATED_OBJC_IMPLEMENTATIONS = YES;
				CLANG_WARN_DIRECT_OBJC_ISA_USAGE = YES_ERROR;
				CLANG_WARN_DOCUMENTATION_COMMENTS = YES;
				CLANG_WARN_EMPTY_BODY = YES;
				CLANG_WARN_ENUM_CONVERSION = YES;
				CLANG_WARN_INFINITE_RECURSION = YES;
				CLANG_WARN_INT_CONVERSION = YES;
				CLANG_WARN_NON_LITERAL_NULL_CONVERSION = YES;
				CLANG_WARN_OBJC_IMPLICIT_RETAIN_SELF = YES;
				CLANG_WARN_OBJC_LITERAL_CONVERSION = YES;
				CLANG_WARN_OBJC_ROOT_CLASS = YES_ERROR;
				CLANG_WARN_QUOTED_INCLUDE_IN_FRAMEWORK_HEADER = YES;
				CLANG_WARN_RANGE_LOOP_ANALYSIS = YES;
				CLANG_WARN_STRICT_PROTOTYPES = YES;
				CLANG_WARN_SUSPICIOUS_MOVE = YES;
				CLANG_WARN_UNGUARDED_AVAILABILITY = YES_AGGRESSIVE;
				CLANG_WARN_UNREACHABLE_CODE = YES;
				CLANG_WARN__DUPLICATE_METHOD_MATCH = YES;
				COPY_PHASE_STRIP = NO;
				DEBUG_INFORMATION_FORMAT = dwarf;
				ENABLE_STRICT_OBJC_MSGSEND = YES;
				ENABLE_TESTABILITY = YES;
				GCC_C_LANGUAGE_STANDARD = gnu11;
				GCC_DYNAMIC_NO_PIC = NO;
				GCC_NO_COMMON_BLOCKS = YES;
				GCC_OPTIMIZATION_LEVEL = 0;
				GCC_PREPROCESSOR_DEFINITIONS = (
					"DEBUG=1",
					"$(inherited)",
				);
				GCC_WARN_64_TO_32_BIT_CONVERSION = YES;
				GCC_WARN_ABOUT_RETURN_TYPE = YES_ERROR;
				GCC_WARN_UNDECLARED_SELECTOR = YES;
				GCC_WARN_UNINITIALIZED_AUTOS = YES_AGGRESSIVE;
				GCC_WARN_UNUSED_FUNCTION = YES;
				GCC_WARN_UNUSED_VARIABLE = YES;
				MACOSX_DEPLOYMENT_TARGET = 13.3;
				MTL_ENABLE_DEBUG_INFO = INCLUDE_SOURCE;
				MTL_FAST_MATH = YES;
				ONLY_ACTIVE_ARCH = YES;
				SDKROOT = macosx;
				SWIFT_ACTIVE_COMPILATION_CONDITIONS = DEBUG;
				SWIFT_OPTIMIZATION_LEVEL = "-Onone";
			};
			name = Debug;
		};
		6CD422BC2A46F3D8001A1F68 /* Release */ = {
			isa = XCBuildConfiguration;
			buildSettings = {
				ALWAYS_SEARCH_USER_PATHS = NO;
				CLANG_ANALYZER_NONNULL = YES;
				CLANG_ANALYZER_NUMBER_OBJECT_CONVERSION = YES_AGGRESSIVE;
				CLANG_CXX_LANGUAGE_STANDARD = "gnu++20";
				CLANG_ENABLE_MODULES = YES;
				CLANG_ENABLE_OBJC_ARC = YES;
				CLANG_ENABLE_OBJC_WEAK = YES;
				CLANG_WARN_BLOCK_CAPTURE_AUTORELEASING = YES;
				CLANG_WARN_BOOL_CONVERSION = YES;
				CLANG_WARN_COMMA = YES;
				CLANG_WARN_CONSTANT_CONVERSION = YES;
				CLANG_WARN_DEPRECATED_OBJC_IMPLEMENTATIONS = YES;
				CLANG_WARN_DIRECT_OBJC_ISA_USAGE = YES_ERROR;
				CLANG_WARN_DOCUMENTATION_COMMENTS = YES;
				CLANG_WARN_EMPTY_BODY = YES;
				CLANG_WARN_ENUM_CONVERSION = YES;
				CLANG_WARN_INFINITE_RECURSION = YES;
				CLANG_WARN_INT_CONVERSION = YES;
				CLANG_WARN_NON_LITERAL_NULL_CONVERSION = YES;
				CLANG_WARN_OBJC_IMPLICIT_RETAIN_SELF = YES;
				CLANG_WARN_OBJC_LITERAL_CONVERSION = YES;
				CLANG_WARN_OBJC_ROOT_CLASS = YES_ERROR;
				CLANG_WARN_QUOTED_INCLUDE_IN_FRAMEWORK_HEADER = YES;
				CLANG_WARN_RANGE_LOOP_ANALYSIS = YES;
				CLANG_WARN_STRICT_PROTOTYPES = YES;
				CLANG_WARN_SUSPICIOUS_MOVE = YES;
				CLANG_WARN_UNGUARDED_AVAILABILITY = YES_AGGRESSIVE;
				CLANG_WARN_UNREACHABLE_CODE = YES;
				CLANG_WARN__DUPLICATE_METHOD_MATCH = YES;
				COPY_PHASE_STRIP = NO;
				DEBUG_INFORMATION_FORMAT = "dwarf-with-dsym";
				ENABLE_NS_ASSERTIONS = NO;
				ENABLE_STRICT_OBJC_MSGSEND = YES;
				GCC_C_LANGUAGE_STANDARD = gnu11;
				GCC_NO_COMMON_BLOCKS = YES;
				GCC_WARN_64_TO_32_BIT_CONVERSION = YES;
				GCC_WARN_ABOUT_RETURN_TYPE = YES_ERROR;
				GCC_WARN_UNDECLARED_SELECTOR = YES;
				GCC_WARN_UNINITIALIZED_AUTOS = YES_AGGRESSIVE;
				GCC_WARN_UNUSED_FUNCTION = YES;
				GCC_WARN_UNUSED_VARIABLE = YES;
				MACOSX_DEPLOYMENT_TARGET = 13.3;
				MTL_ENABLE_DEBUG_INFO = NO;
				MTL_FAST_MATH = YES;
				SDKROOT = macosx;
				SWIFT_COMPILATION_MODE = wholemodule;
				SWIFT_OPTIMIZATION_LEVEL = "-O";
			};
			name = Release;
		};
		6CD422BE2A46F3D8001A1F68 /* Debug */ = {
			isa = XCBuildConfiguration;
			buildSettings = {
				ASSETCATALOG_COMPILER_APPICON_NAME = AppIcon;
				ASSETCATALOG_COMPILER_GLOBAL_ACCENT_COLOR_NAME = AccentColor;
				CODE_SIGN_ENTITLEMENTS = "Counter App/Counter_App.entitlements";
				CODE_SIGN_STYLE = Automatic;
				COMBINE_HIDPI_IMAGES = YES;
				CURRENT_PROJECT_VERSION = 1;
				DEVELOPMENT_ASSET_PATHS = "\"Counter App/Preview Content\"";
				ENABLE_PREVIEWS = YES;
				GENERATE_INFOPLIST_FILE = YES;
				INFOPLIST_KEY_NSHumanReadableCopyright = "";
				LD_RUNPATH_SEARCH_PATHS = (
					"$(inherited)",
					"@executable_path/../Frameworks",
				);
				MARKETING_VERSION = 1.0;
				PRODUCT_BUNDLE_IDENTIFIER = "com.shajan.counter.Counter-App";
				PRODUCT_NAME = "$(TARGET_NAME)";
				SWIFT_EMIT_LOC_STRINGS = YES;
				SWIFT_VERSION = 5.0;
			};
			name = Debug;
		};
		6CD422BF2A46F3D8001A1F68 /* Release */ = {
			isa = XCBuildConfiguration;
			buildSettings = {
				ASSETCATALOG_COMPILER_APPICON_NAME = AppIcon;
				ASSETCATALOG_COMPILER_GLOBAL_ACCENT_COLOR_NAME = AccentColor;
				CODE_SIGN_ENTITLEMENTS = "Counter App/Counter_App.entitlements";
				CODE_SIGN_STYLE = Automatic;
				COMBINE_HIDPI_IMAGES = YES;
				CURRENT_PROJECT_VERSION = 1;
				DEVELOPMENT_ASSET_PATHS = "\"Counter App/Preview Content\"";
				ENABLE_PREVIEWS = YES;
				GENERATE_INFOPLIST_FILE = YES;
				INFOPLIST_KEY_NSHumanReadableCopyright = "";
				LD_RUNPATH_SEARCH_PATHS = (
					"$(inherited)",
					"@executable_path/../Frameworks",
				);
				MARKETING_VERSION = 1.0;
				PRODUCT_BUNDLE_IDENTIFIER = "com.shajan.counter.Counter-App";
				PRODUCT_NAME = "$(TARGET_NAME)";
				SWIFT_EMIT_LOC_STRINGS = YES;
				SWIFT_VERSION = 5.0;
			};
			name = Release;
		};
		6CD422C12A46F3D8001A1F68 /* Debug */ = {
			isa = XCBuildConfiguration;
			buildSettings = {
				ALWAYS_EMBED_SWIFT_STANDARD_LIBRARIES = YES;
				BUNDLE_LOADER = "$(TEST_HOST)";
				CODE_SIGN_STYLE = Automatic;
				CURRENT_PROJECT_VERSION = 1;
				GENERATE_INFOPLIST_FILE = YES;
				MACOSX_DEPLOYMENT_TARGET = 13.3;
				MARKETING_VERSION = 1.0;
				PRODUCT_BUNDLE_IDENTIFIER = "com.shajan.counter.Counter-AppTests";
				PRODUCT_NAME = "$(TARGET_NAME)";
				SWIFT_EMIT_LOC_STRINGS = NO;
				SWIFT_VERSION = 5.0;
				TEST_HOST = "$(BUILT_PRODUCTS_DIR)/Counter App.app/$(BUNDLE_EXECUTABLE_FOLDER_PATH)/Counter App";
			};
			name = Debug;
		};
		6CD422C22A46F3D8001A1F68 /* Release */ = {
			isa = XCBuildConfiguration;
			buildSettings = {
				ALWAYS_EMBED_SWIFT_STANDARD_LIBRARIES = YES;
				BUNDLE_LOADER = "$(TEST_HOST)";
				CODE_SIGN_STYLE = Automatic;
				CURRENT_PROJECT_VERSION = 1;
				GENERATE_INFOPLIST_FILE = YES;
				MACOSX_DEPLOYMENT_TARGET = 13.3;
				MARKETING_VERSION = 1.0;
				PRODUCT_BUNDLE_IDENTIFIER = "com.shajan.counter.Counter-AppTests";
				PRODUCT_NAME = "$(TARGET_NAME)";
				SWIFT_EMIT_LOC_STRINGS = NO;
				SWIFT_VERSION = 5.0;
				TEST_HOST = "$(BUILT_PRODUCTS_DIR)/Counter App.app/$(BUNDLE_EXECUTABLE_FOLDER_PATH)/Counter App";
			};
			name = Release;
		};
		6CD422C42A46F3D8001A1F68 /* Debug */ = {
			isa = XCBuildConfiguration;
			buildSettings = {
				ALWAYS_EMBED_SWIFT_STANDARD_LIBRARIES = YES;
				CODE_SIGN_STYLE = Automatic;
				CURRENT_PROJECT_VERSION = 1;
				GENERATE_INFOPLIST_FILE = YES;
				MARKETING_VERSION = 1.0;
				PRODUCT_BUNDLE_IDENTIFIER = "com.shajan.counter.Counter-AppUITests";
				PRODUCT_NAME = "$(TARGET_NAME)";
				SWIFT_EMIT_LOC_STRINGS = NO;
				SWIFT_VERSION = 5.0;
				TEST_TARGET_NAME = "Counter App";
			};
			name = Debug;
		};
		6CD422C52A46F3D8001A1F68 /* Release */ = {
			isa = XCBuildConfiguration;
			buildSettings = {
				ALWAYS_EMBED_SWIFT_STANDARD_LIBRARIES = YES;
				CODE_SIGN_STYLE = Automatic;
				CURRENT_PROJECT_VERSION = 1;
				GENERATE_INFOPLIST_FILE = YES;
				MARKETING_VERSION = 1.0;
				PRODUCT_BUNDLE_IDENTIFIER = "com.shajan.counter.Counter-AppUITests";
				PRODUCT_NAME = "$(TARGET_NAME)";
				SWIFT_EMIT_LOC_STRINGS = NO;
				SWIFT_VERSION = 5.0;
				TEST_TARGET_NAME = "Counter App";
			};
			name = Release;
		};
/* End XCBuildConfiguration section */

/* Begin XCConfigurationList section */
		6CD422932A46F3D6001A1F68 /* Build configuration list for PBXProject "Counter App" */ = {
			isa = XCConfigurationList;
			buildConfigurations = (
				6CD422BB2A46F3D8001A1F68 /* Debug */,
				6CD422BC2A46F3D8001A1F68 /* Release */,
			);
			defaultConfigurationIsVisible = 0;
			defaultConfigurationName = Release;
		};
		6CD422BD2A46F3D8001A1F68 /* Build configuration list for PBXNativeTarget "Counter App" */ = {
			isa = XCConfigurationList;
			buildConfigurations = (
				6CD422BE2A46F3D8001A1F68 /* Debug */,
				6CD422BF2A46F3D8001A1F68 /* Release */,
			);
			defaultConfigurationIsVisible = 0;
			defaultConfigurationName = Release;
		};
		6CD422C02A46F3D8001A1F68 /* Build configuration list for PBXNativeTarget "Counter AppTests" */ = {
			isa = XCConfigurationList;
			buildConfigurations = (
				6CD422C12A46F3D8001A1F68 /* Debug */,
				6CD422C22A46F3D8001A1F68 /* Release */,
			);
			defaultConfigurationIsVisible = 0;
			defaultConfigurationName = Release;
		};
		6CD422C32A46F3D8001A1F68 /* Build configuration list for PBXNativeTarget "Counter AppUITests" */ = {
			isa = XCConfigurationList;
			buildConfigurations = (
				6CD422C42A46F3D8001A1F68 /* Debug */,
				6CD422C52A46F3D8001A1F68 /* Release */,
			);
			defaultConfigurationIsVisible = 0;
			defaultConfigurationName = Release;
		};
/* End XCConfigurationList section */
	};
	rootObject = 6CD422902A46F3D6001A1F68 /* Project object */;
}
